{
  "requires": true,
  "lockfileVersion": 1,
  "dependencies": {
    "mdbootstrap": {
      "version": "4.11.0",
      "resolved": "https://registry.npmjs.org/mdbootstrap/-/mdbootstrap-4.11.0.tgz",
      "integrity": "sha512-3yhRRo8UQDqRgeEutSpx9jIECzkyPebOq/oYsG2TLAmXVmujDBb+OoTW6+yZ1MtaQZCu8AF8D1/pM9Y8sLj3uA=="
    }
  }
}
